
Microsoft Visual Studio Solution File, Format Version 12.00
# Visual Studio Version 17
VisualStudioVersion = 17.4.33213.308
MinimumVisualStudioVersion = 10.0.40219.1
Project("{FAE04EC0-301F-11D3-BF4B-00C04F79EFBC}") = "MoodAnalyser-UC5", "MoodAnalyser-UC5\MoodAnalyser-UC5.csproj", "{39AF647C-94DB-45DB-BDBD-DBE28C91429E}"
EndProject
Project("{FAE04EC0-301F-11D3-BF4B-00C04F79EFBC}") = "TestProject1", "TestProject1\TestProject1.csproj", "{67B97C3D-D7A4-473B-8589-2037225827EE}"
EndProject
Global
	GlobalSection(SolutionConfigurationPlatforms) = preSolution
		Debug|Any CPU = Debug|Any CPU
		Release|Any CPU = Release|Any CPU
	EndGlobalSection
	GlobalSection(ProjectConfigurationPlatforms) = postSolution
		{39AF647C-94DB-45DB-BDBD-DBE28C91429E}.Debug|Any CPU.ActiveCfg = Debug|Any CPU
		{39AF647C-94DB-45DB-BDBD-DBE28C91429E}.Debug|Any CPU.Build.0 = Debug|Any CPU
		{39AF647C-94DB-45DB-BDBD-DBE28C91429E}.Release|Any CPU.ActiveCfg = Release|Any CPU
		{39AF647C-94DB-45DB-BDBD-DBE28C91429E}.Release|Any CPU.Build.0 = Release|Any CPU
		{67B97C3D-D7A4-473B-8589-2037225827EE}.Debug|Any CPU.ActiveCfg = Debug|Any CPU
		{67B97C3D-D7A4-473B-8589-2037225827EE}.Debug|Any CPU.Build.0 = Debug|Any CPU
		{67B97C3D-D7A4-473B-8589-2037225827EE}.Release|Any CPU.ActiveCfg = Release|Any CPU
		{67B97C3D-D7A4-473B-8589-2037225827EE}.Release|Any CPU.Build.0 = Release|Any CPU
	EndGlobalSection
	GlobalSection(SolutionProperties) = preSolution
		HideSolutionNode = FALSE
	EndGlobalSection
	GlobalSection(ExtensibilityGlobals) = postSolution
		SolutionGuid = {88A718C2-3AD8-4B26-BD17-162630B91D79}
	EndGlobalSection
EndGlobal
