
Microsoft Visual Studio Solution File, Format Version 12.00
# Visual Studio Version 17
VisualStudioVersion = 17.4.33213.308
MinimumVisualStudioVersion = 10.0.40219.1
Project("{FAE04EC0-301F-11D3-BF4B-00C04F79EFBC}") = "MoodAnalyser-Rf2", "MoodAnalyser-Rf2\MoodAnalyser-Rf2.csproj", "{37AD8553-C4F4-49F4-9FA1-2E8231A9C03F}"
EndProject
Project("{FAE04EC0-301F-11D3-BF4B-00C04F79EFBC}") = "TestProject1", "TestProject1\TestProject1.csproj", "{6FC2B0B5-2E84-4E72-9D1F-242DC5507E28}"
EndProject
Global
	GlobalSection(SolutionConfigurationPlatforms) = preSolution
		Debug|Any CPU = Debug|Any CPU
		Release|Any CPU = Release|Any CPU
	EndGlobalSection
	GlobalSection(ProjectConfigurationPlatforms) = postSolution
		{37AD8553-C4F4-49F4-9FA1-2E8231A9C03F}.Debug|Any CPU.ActiveCfg = Debug|Any CPU
		{37AD8553-C4F4-49F4-9FA1-2E8231A9C03F}.Debug|Any CPU.Build.0 = Debug|Any CPU
		{37AD8553-C4F4-49F4-9FA1-2E8231A9C03F}.Release|Any CPU.ActiveCfg = Release|Any CPU
		{37AD8553-C4F4-49F4-9FA1-2E8231A9C03F}.Release|Any CPU.Build.0 = Release|Any CPU
		{6FC2B0B5-2E84-4E72-9D1F-242DC5507E28}.Debug|Any CPU.ActiveCfg = Debug|Any CPU
		{6FC2B0B5-2E84-4E72-9D1F-242DC5507E28}.Debug|Any CPU.Build.0 = Debug|Any CPU
		{6FC2B0B5-2E84-4E72-9D1F-242DC5507E28}.Release|Any CPU.ActiveCfg = Release|Any CPU
		{6FC2B0B5-2E84-4E72-9D1F-242DC5507E28}.Release|Any CPU.Build.0 = Release|Any CPU
	EndGlobalSection
	GlobalSection(SolutionProperties) = preSolution
		HideSolutionNode = FALSE
	EndGlobalSection
	GlobalSection(ExtensibilityGlobals) = postSolution
		SolutionGuid = {7E76E78D-DB26-48F3-B467-7D1B3DCAA86F}
	EndGlobalSection
EndGlobal
