
Microsoft Visual Studio Solution File, Format Version 12.00
# Visual Studio Version 17
VisualStudioVersion = 17.4.33213.308
MinimumVisualStudioVersion = 10.0.40219.1
Project("{FAE04EC0-301F-11D3-BF4B-00C04F79EFBC}") = "MoodAnalyser-UC2", "MoodAnalyser-UC2\MoodAnalyser-UC2.csproj", "{953560C6-2B6C-4906-9055-EC7EDE0E46F7}"
EndProject
Project("{FAE04EC0-301F-11D3-BF4B-00C04F79EFBC}") = "TestProject1", "TestProject1\TestProject1.csproj", "{66043B73-0047-493C-8769-99F31048AF8C}"
EndProject
Global
	GlobalSection(SolutionConfigurationPlatforms) = preSolution
		Debug|Any CPU = Debug|Any CPU
		Release|Any CPU = Release|Any CPU
	EndGlobalSection
	GlobalSection(ProjectConfigurationPlatforms) = postSolution
		{953560C6-2B6C-4906-9055-EC7EDE0E46F7}.Debug|Any CPU.ActiveCfg = Debug|Any CPU
		{953560C6-2B6C-4906-9055-EC7EDE0E46F7}.Debug|Any CPU.Build.0 = Debug|Any CPU
		{953560C6-2B6C-4906-9055-EC7EDE0E46F7}.Release|Any CPU.ActiveCfg = Release|Any CPU
		{953560C6-2B6C-4906-9055-EC7EDE0E46F7}.Release|Any CPU.Build.0 = Release|Any CPU
		{66043B73-0047-493C-8769-99F31048AF8C}.Debug|Any CPU.ActiveCfg = Debug|Any CPU
		{66043B73-0047-493C-8769-99F31048AF8C}.Debug|Any CPU.Build.0 = Debug|Any CPU
		{66043B73-0047-493C-8769-99F31048AF8C}.Release|Any CPU.ActiveCfg = Release|Any CPU
		{66043B73-0047-493C-8769-99F31048AF8C}.Release|Any CPU.Build.0 = Release|Any CPU
	EndGlobalSection
	GlobalSection(SolutionProperties) = preSolution
		HideSolutionNode = FALSE
	EndGlobalSection
	GlobalSection(ExtensibilityGlobals) = postSolution
		SolutionGuid = {3F833302-994A-4D6D-87AE-7667BFEE2C04}
	EndGlobalSection
EndGlobal
